{
  "version": 4,
  "terraform_version": "1.11.4",
  "serial": 9,
  "lineage": "6cc48037-fc01-8564-ce02-6d96ef638d11",
  "outputs": {
    "backend_url": {
      "value": "https://hedgehoglabtest-backend.azurewebsites.net",
      "type": "string"
    },
    "frontend_name": {
      "value": "hedgehoglabtest-frontend",
      "type": "string"
    }
  },
  "resources": [
    {
      "mode": "managed",
      "type": "azurerm_linux_web_app",
      "name": "backend",
      "provider": "provider[\"registry.terraform.io/hashicorp/azurerm\"]",
      "instances": [
        {
          "schema_version": 1,
          "attributes": {
            "app_settings": {
              "DB_HOST": "hedgehoglabdb.postgres.database.azure.com",
              "DB_NAME": "postgres",
              "DB_USER": "pgadmin@hedgehoglabdb",
              "DOCKER_CUSTOM_IMAGE_NAME": "ghcr.io/johnwillisuk/hedgehog-lab-test-backend:latest",
              "POSTGRES_PASSWORD": "example",
              "WEBSITES_PORT": "8000"
            },
            "auth_settings": [],
            "auth_settings_v2": [],
            "backup": [],
            "client_affinity_enabled": false,
            "client_certificate_enabled": false,
            "client_certificate_exclusion_paths": "",
            "client_certificate_mode": "Required",
            "connection_string": [],
            "custom_domain_verification_id": "D39465A0F40FC3C201616E6661E1B09F6038B5B576A2E85391BDB9C130C6DF1B",
            "default_hostname": "hedgehoglabtest-backend.azurewebsites.net",
            "enabled": true,
            "ftp_publish_basic_authentication_enabled": true,
            "hosting_environment_id": "",
            "https_only": false,
            "id": "/subscriptions/541210db-5680-4c6f-afda-f2c000fd1988/resourceGroups/hedgehog-lab-test-rg/providers/Microsoft.Web/sites/hedgehoglabtest-backend",
            "identity": [],
            "key_vault_reference_identity_id": "SystemAssigned",
            "kind": "app,linux",
            "location": "uksouth",
            "logs": [],
            "name": "hedgehoglabtest-backend",
            "outbound_ip_address_list": [
              "20.108.229.103",
              "20.108.230.168",
              "20.108.230.243",
              "20.108.230.145",
              "20.108.226.93",
              "20.108.230.128",
              "20.90.134.11"
            ],
            "outbound_ip_addresses": "20.108.229.103,20.108.230.168,20.108.230.243,20.108.230.145,20.108.226.93,20.108.230.128,20.90.134.11",
            "possible_outbound_ip_address_list": [
              "20.108.229.103",
              "20.108.230.168",
              "20.108.230.243",
              "20.108.230.145",
              "20.108.226.93",
              "20.108.230.128",
              "20.108.231.32",
              "20.108.131.119",
              "20.108.231.40",
              "20.108.231.43",
              "20.108.226.194",
              "20.108.225.1",
              "20.108.225.152",
              "20.108.226.243",
              "20.108.230.206",
              "20.108.230.208",
              "20.108.228.85",
              "20.108.231.51",
              "20.108.230.90",
              "20.90.246.59",
              "20.90.246.139",
              "20.90.247.51",
              "20.90.247.219",
              "20.108.96.0",
              "20.90.134.11"
            ],
            "possible_outbound_ip_addresses": "20.108.229.103,20.108.230.168,20.108.230.243,20.108.230.145,20.108.226.93,20.108.230.128,20.108.231.32,20.108.131.119,20.108.231.40,20.108.231.43,20.108.226.194,20.108.225.1,20.108.225.152,20.108.226.243,20.108.230.206,20.108.230.208,20.108.228.85,20.108.231.51,20.108.230.90,20.90.246.59,20.90.246.139,20.90.247.51,20.90.247.219,20.108.96.0,20.90.134.11",
            "public_network_access_enabled": true,
            "resource_group_name": "hedgehog-lab-test-rg",
            "service_plan_id": "/subscriptions/541210db-5680-4c6f-afda-f2c000fd1988/resourceGroups/hedgehog-lab-test-rg/providers/Microsoft.Web/serverFarms/hedgehoglabtest-plan",
            "site_config": [
              {
                "always_on": true,
                "api_definition_url": "",
                "api_management_api_id": "",
                "app_command_line": "",
                "application_stack": [
                  {
                    "docker_image_name": "",
                    "docker_registry_password": "",
                    "docker_registry_url": "",
                    "docker_registry_username": "",
                    "dotnet_version": "",
                    "go_version": "",
                    "java_server": "",
                    "java_server_version": "",
                    "java_version": "",
                    "node_version": "",
                    "php_version": "",
                    "python_version": "",
                    "ruby_version": ""
                  }
                ],
                "auto_heal_setting": [],
                "container_registry_managed_identity_client_id": "",
                "container_registry_use_managed_identity": false,
                "cors": [],
                "default_documents": [
                  "Default.htm",
                  "Default.html",
                  "Default.asp",
                  "index.htm",
                  "index.html",
                  "iisstart.htm",
                  "default.aspx",
                  "index.php",
                  "hostingstart.html"
                ],
                "detailed_error_logging_enabled": false,
                "ftps_state": "Disabled",
                "health_check_eviction_time_in_min": 0,
                "health_check_path": "",
                "http2_enabled": false,
                "ip_restriction": [],
                "ip_restriction_default_action": "Allow",
                "linux_fx_version": "",
                "load_balancing_mode": "LeastRequests",
                "local_mysql_enabled": false,
                "managed_pipeline_mode": "Integrated",
                "minimum_tls_version": "1.2",
                "remote_debugging_enabled": false,
                "remote_debugging_version": "VS2022",
                "scm_ip_restriction": [],
                "scm_ip_restriction_default_action": "Allow",
                "scm_minimum_tls_version": "1.2",
                "scm_type": "None",
                "scm_use_main_ip_restriction": false,
                "use_32_bit_worker": true,
                "vnet_route_all_enabled": false,
                "websockets_enabled": false,
                "worker_count": 1
              }
            ],
            "site_credential": [
              {
                "name": "$hedgehoglabtest-backend",
                "password": "xMSmmF5Ti7MBBzotgRt8cs6kitzJahcPp1TrZqJH5lznsqF6hRRGehoTDZzC"
              }
            ],
            "sticky_settings": [],
            "storage_account": [],
            "tags": {},
            "timeouts": null,
            "virtual_network_backup_restore_enabled": false,
            "virtual_network_subnet_id": "",
            "webdeploy_publish_basic_authentication_enabled": true,
            "zip_deploy_file": ""
          },
          "sensitive_attributes": [
            [
              {
                "type": "get_attr",
                "value": "custom_domain_verification_id"
              }
            ],
            [
              {
                "type": "get_attr",
                "value": "app_settings"
              },
              {
                "type": "index",
                "value": {
                  "value": "POSTGRES_PASSWORD",
                  "type": "string"
                }
              }
            ],
            [
              {
                "type": "get_attr",
                "value": "site_config"
              },
              {
                "type": "index",
                "value": {
                  "value": 0,
                  "type": "number"
                }
              },
              {
                "type": "get_attr",
                "value": "application_stack"
              },
              {
                "type": "index",
                "value": {
                  "value": 0,
                  "type": "number"
                }
              },
              {
                "type": "get_attr",
                "value": "docker_registry_password"
              }
            ],
            [
              {
                "type": "get_attr",
                "value": "site_credential"
              }
            ]
          ],
          "private": "eyJlMmJmYjczMC1lY2FhLTExZTYtOGY4OC0zNDM2M2JjN2M0YzAiOnsiY3JlYXRlIjoxODAwMDAwMDAwMDAwLCJkZWxldGUiOjE4MDAwMDAwMDAwMDAsInJlYWQiOjMwMDAwMDAwMDAwMCwidXBkYXRlIjoxODAwMDAwMDAwMDAwfSwic2NoZW1hX3ZlcnNpb24iOiIxIn0=",
          "dependencies": [
            "azurerm_postgresql_flexible_server.db",
            "azurerm_resource_group.main",
            "azurerm_service_plan.backend_plan"
          ]
        }
      ]
    },
    {
      "mode": "managed",
      "type": "azurerm_postgresql_flexible_server",
      "name": "db",
      "provider": "provider[\"registry.terraform.io/hashicorp/azurerm\"]",
      "instances": [
        {
          "schema_version": 0,
          "attributes": {
            "administrator_login": "pgadmin",
            "administrator_password": "example",
            "administrator_password_wo": null,
            "administrator_password_wo_version": 0,
            "authentication": [
              {
                "active_directory_auth_enabled": false,
                "password_auth_enabled": true,
                "tenant_id": ""
              }
            ],
            "auto_grow_enabled": false,
            "backup_retention_days": 7,
            "create_mode": null,
            "customer_managed_key": [],
            "delegated_subnet_id": "",
            "fqdn": "hedgehoglabdb.postgres.database.azure.com",
            "geo_redundant_backup_enabled": false,
            "high_availability": [],
            "id": "/subscriptions/541210db-5680-4c6f-afda-f2c000fd1988/resourceGroups/hedgehog-lab-test-rg/providers/Microsoft.DBforPostgreSQL/flexibleServers/hedgehoglabdb",
            "identity": [],
            "location": "uksouth",
            "maintenance_window": [],
            "name": "hedgehoglabdb",
            "point_in_time_restore_time_in_utc": null,
            "private_dns_zone_id": "",
            "public_network_access_enabled": true,
            "replication_role": "",
            "resource_group_name": "hedgehog-lab-test-rg",
            "sku_name": "B_Standard_B1ms",
            "source_server_id": null,
            "storage_mb": 32768,
            "storage_tier": "P4",
            "tags": {},
            "timeouts": null,
            "version": "13",
            "zone": "1"
          },
          "sensitive_attributes": [
            [
              {
                "type": "get_attr",
                "value": "administrator_password"
              }
            ]
          ],
          "private": "eyJlMmJmYjczMC1lY2FhLTExZTYtOGY4OC0zNDM2M2JjN2M0YzAiOnsiY3JlYXRlIjozNjAwMDAwMDAwMDAwLCJkZWxldGUiOjM2MDAwMDAwMDAwMDAsInJlYWQiOjMwMDAwMDAwMDAwMCwidXBkYXRlIjozNjAwMDAwMDAwMDAwfX0=",
          "dependencies": [
            "azurerm_resource_group.main"
          ]
        }
      ]
    },
    {
      "mode": "managed",
      "type": "azurerm_postgresql_flexible_server_firewall_rule",
      "name": "allow_all",
      "provider": "provider[\"registry.terraform.io/hashicorp/azurerm\"]",
      "instances": [
        {
          "schema_version": 0,
          "attributes": {
            "end_ip_address": "255.255.255.255",
            "id": "/subscriptions/541210db-5680-4c6f-afda-f2c000fd1988/resourceGroups/hedgehog-lab-test-rg/providers/Microsoft.DBforPostgreSQL/flexibleServers/hedgehoglabdb/firewallRules/AllowAll",
            "name": "AllowAll",
            "server_id": "/subscriptions/541210db-5680-4c6f-afda-f2c000fd1988/resourceGroups/hedgehog-lab-test-rg/providers/Microsoft.DBforPostgreSQL/flexibleServers/hedgehoglabdb",
            "start_ip_address": "0.0.0.0",
            "timeouts": null
          },
          "sensitive_attributes": [],
          "private": "eyJlMmJmYjczMC1lY2FhLTExZTYtOGY4OC0zNDM2M2JjN2M0YzAiOnsiY3JlYXRlIjoxODAwMDAwMDAwMDAwLCJkZWxldGUiOjE4MDAwMDAwMDAwMDAsInJlYWQiOjMwMDAwMDAwMDAwMCwidXBkYXRlIjoxODAwMDAwMDAwMDAwfX0=",
          "dependencies": [
            "azurerm_postgresql_flexible_server.db",
            "azurerm_resource_group.main"
          ]
        }
      ]
    },
    {
      "mode": "managed",
      "type": "azurerm_resource_group",
      "name": "main",
      "provider": "provider[\"registry.terraform.io/hashicorp/azurerm\"]",
      "instances": [
        {
          "schema_version": 0,
          "attributes": {
            "id": "/subscriptions/541210db-5680-4c6f-afda-f2c000fd1988/resourceGroups/hedgehog-lab-test-rg",
            "location": "uksouth",
            "managed_by": "",
            "name": "hedgehog-lab-test-rg",
            "tags": {},
            "timeouts": null
          },
          "sensitive_attributes": [],
          "private": "eyJlMmJmYjczMC1lY2FhLTExZTYtOGY4OC0zNDM2M2JjN2M0YzAiOnsiY3JlYXRlIjo1NDAwMDAwMDAwMDAwLCJkZWxldGUiOjU0MDAwMDAwMDAwMDAsInJlYWQiOjMwMDAwMDAwMDAwMCwidXBkYXRlIjo1NDAwMDAwMDAwMDAwfX0="
        }
      ]
    },
    {
      "mode": "managed",
      "type": "azurerm_service_plan",
      "name": "backend_plan",
      "provider": "provider[\"registry.terraform.io/hashicorp/azurerm\"]",
      "instances": [
        {
          "schema_version": 1,
          "attributes": {
            "app_service_environment_id": "",
            "id": "/subscriptions/541210db-5680-4c6f-afda-f2c000fd1988/resourceGroups/hedgehog-lab-test-rg/providers/Microsoft.Web/serverFarms/hedgehoglabtest-plan",
            "kind": "linux",
            "location": "uksouth",
            "maximum_elastic_worker_count": 1,
            "name": "hedgehoglabtest-plan",
            "os_type": "Linux",
            "per_site_scaling_enabled": false,
            "premium_plan_auto_scale_enabled": false,
            "reserved": true,
            "resource_group_name": "hedgehog-lab-test-rg",
            "sku_name": "B1",
            "tags": {},
            "timeouts": null,
            "worker_count": 1,
            "zone_balancing_enabled": false
          },
          "sensitive_attributes": [],
          "private": "eyJlMmJmYjczMC1lY2FhLTExZTYtOGY4OC0zNDM2M2JjN2M0YzAiOnsiY3JlYXRlIjozNjAwMDAwMDAwMDAwLCJkZWxldGUiOjM2MDAwMDAwMDAwMDAsInJlYWQiOjMwMDAwMDAwMDAwMCwidXBkYXRlIjozNjAwMDAwMDAwMDAwfSwic2NoZW1hX3ZlcnNpb24iOiIxIn0=",
          "dependencies": [
            "azurerm_resource_group.main"
          ]
        }
      ]
    },
    {
      "mode": "managed",
      "type": "azurerm_static_web_app",
      "name": "frontend",
      "provider": "provider[\"registry.terraform.io/hashicorp/azurerm\"]",
      "instances": [
        {
          "schema_version": 0,
          "attributes": {
            "api_key": "7698d73edda4651d12f68dc10aa87ec61fedc7f36495b32a483ecbb5ea2899c306-f7bcae1e-56d3-459a-aa4d-bcf4aaa76ad900326050435be903",
            "app_settings": null,
            "basic_auth": [],
            "configuration_file_changes_enabled": true,
            "default_host_name": "proud-coast-0435be903.6.azurestaticapps.net",
            "id": "/subscriptions/541210db-5680-4c6f-afda-f2c000fd1988/resourceGroups/hedgehog-lab-test-rg/providers/Microsoft.Web/staticSites/hedgehoglabtest-frontend",
            "identity": [],
            "location": "westeurope",
            "name": "hedgehoglabtest-frontend",
            "preview_environments_enabled": true,
            "public_network_access_enabled": true,
            "repository_branch": "",
            "repository_token": "",
            "repository_url": "",
            "resource_group_name": "hedgehog-lab-test-rg",
            "sku_size": "Free",
            "sku_tier": "Free",
            "tags": null,
            "timeouts": null
          },
          "sensitive_attributes": [
            [
              {
                "type": "get_attr",
                "value": "repository_token"
              }
            ],
            [
              {
                "type": "get_attr",
                "value": "api_key"
              }
            ]
          ],
          "private": "eyJlMmJmYjczMC1lY2FhLTExZTYtOGY4OC0zNDM2M2JjN2M0YzAiOnsiY3JlYXRlIjoxODAwMDAwMDAwMDAwLCJkZWxldGUiOjE4MDAwMDAwMDAwMDAsInJlYWQiOjMwMDAwMDAwMDAwMCwidXBkYXRlIjoxODAwMDAwMDAwMDAwfX0=",
          "dependencies": [
            "azurerm_resource_group.main"
          ]
        }
      ]
    }
  ],
  "check_results": null
}
